
Microsoft Visual Studio Solution File, Format Version 12.00
# Visual Studio Version 17
VisualStudioVersion = 17.4.33110.190
MinimumVisualStudioVersion = 10.0.40219.1
Project("{9A19103F-16F7-4668-BE54-9A1E7A4F7556}") = "WebApp", "WebApp\WebApp.csproj", "{528E6F98-567F-4B26-8F72-FE60F107A859}"
EndProject
Project("{9A19103F-16F7-4668-BE54-9A1E7A4F7556}") = "Models", "Models\Models.csproj", "{11A9463F-9A3B-4AE6-978F-CD4B68BF5A1B}"
EndProject
Project("{9A19103F-16F7-4668-BE54-9A1E7A4F7556}") = "Services.Interfaces", "Services.Interfaces\Services.Interfaces.csproj", "{17E31D50-FC4D-4730-AFF7-0EFE3C215241}"
EndProject
Project("{9A19103F-16F7-4668-BE54-9A1E7A4F7556}") = "Services.Bogus", "Services.Bogus\Services.Bogus.csproj", "{13B32789-C18B-4CCC-9AF3-6EE45B228846}"
EndProject
Project("{9A19103F-16F7-4668-BE54-9A1E7A4F7556}") = "ConsoleApp", "ConsoleApp\ConsoleApp.csproj", "{C5170031-AAB4-4E05-99EA-F6BB3FAF442D}"
EndProject
Project("{FAE04EC0-301F-11D3-BF4B-00C04F79EFBC}") = "OWIN", "OWIN\OWIN.csproj", "{99AB6A5D-0193-435A-A6D4-48444FB91FB7}"
EndProject
Project("{FAE04EC0-301F-11D3-BF4B-00C04F79EFBC}") = "GrpcService", "GrpcService\GrpcService.csproj", "{48CEA760-C6F1-48F1-85DF-B82F53BC0814}"
EndProject
Project("{FAE04EC0-301F-11D3-BF4B-00C04F79EFBC}") = "HealthChecks", "HealthChecks\HealthChecks.csproj", "{B8382A49-49DD-4E98-A4D1-28D59FE87730}"
EndProject
Project("{FAE04EC0-301F-11D3-BF4B-00C04F79EFBC}") = "WindowsServices.Microsoft", "WindowsServices.Microsoft\WindowsServices.Microsoft.csproj", "{39A7C5C4-8D93-4249-AE12-75337085960B}"
EndProject
Project("{FAE04EC0-301F-11D3-BF4B-00C04F79EFBC}") = "WindowsServices.Core", "WindowsServices.Core\WindowsServices.Core.csproj", "{CEE891F6-01FE-4E71-9B05-DF88836D2026}"
EndProject
Project("{FAE04EC0-301F-11D3-BF4B-00C04F79EFBC}") = "WindowsServices.TopShelf", "WoindowsServices.TopShelf\WindowsServices.TopShelf.csproj", "{6F6D96CB-FA27-48AC-B07B-FCFC9F6C8D4B}"
EndProject
Global
	GlobalSection(SolutionConfigurationPlatforms) = preSolution
		Debug|Any CPU = Debug|Any CPU
		Release|Any CPU = Release|Any CPU
	EndGlobalSection
	GlobalSection(ProjectConfigurationPlatforms) = postSolution
		{528E6F98-567F-4B26-8F72-FE60F107A859}.Debug|Any CPU.ActiveCfg = Debug|Any CPU
		{528E6F98-567F-4B26-8F72-FE60F107A859}.Debug|Any CPU.Build.0 = Debug|Any CPU
		{528E6F98-567F-4B26-8F72-FE60F107A859}.Release|Any CPU.ActiveCfg = Release|Any CPU
		{528E6F98-567F-4B26-8F72-FE60F107A859}.Release|Any CPU.Build.0 = Release|Any CPU
		{11A9463F-9A3B-4AE6-978F-CD4B68BF5A1B}.Debug|Any CPU.ActiveCfg = Debug|Any CPU
		{11A9463F-9A3B-4AE6-978F-CD4B68BF5A1B}.Debug|Any CPU.Build.0 = Debug|Any CPU
		{11A9463F-9A3B-4AE6-978F-CD4B68BF5A1B}.Release|Any CPU.ActiveCfg = Release|Any CPU
		{11A9463F-9A3B-4AE6-978F-CD4B68BF5A1B}.Release|Any CPU.Build.0 = Release|Any CPU
		{17E31D50-FC4D-4730-AFF7-0EFE3C215241}.Debug|Any CPU.ActiveCfg = Debug|Any CPU
		{17E31D50-FC4D-4730-AFF7-0EFE3C215241}.Debug|Any CPU.Build.0 = Debug|Any CPU
		{17E31D50-FC4D-4730-AFF7-0EFE3C215241}.Release|Any CPU.ActiveCfg = Release|Any CPU
		{17E31D50-FC4D-4730-AFF7-0EFE3C215241}.Release|Any CPU.Build.0 = Release|Any CPU
		{13B32789-C18B-4CCC-9AF3-6EE45B228846}.Debug|Any CPU.ActiveCfg = Debug|Any CPU
		{13B32789-C18B-4CCC-9AF3-6EE45B228846}.Debug|Any CPU.Build.0 = Debug|Any CPU
		{13B32789-C18B-4CCC-9AF3-6EE45B228846}.Release|Any CPU.ActiveCfg = Release|Any CPU
		{13B32789-C18B-4CCC-9AF3-6EE45B228846}.Release|Any CPU.Build.0 = Release|Any CPU
		{C5170031-AAB4-4E05-99EA-F6BB3FAF442D}.Debug|Any CPU.ActiveCfg = Debug|Any CPU
		{C5170031-AAB4-4E05-99EA-F6BB3FAF442D}.Debug|Any CPU.Build.0 = Debug|Any CPU
		{C5170031-AAB4-4E05-99EA-F6BB3FAF442D}.Release|Any CPU.ActiveCfg = Release|Any CPU
		{C5170031-AAB4-4E05-99EA-F6BB3FAF442D}.Release|Any CPU.Build.0 = Release|Any CPU
		{99AB6A5D-0193-435A-A6D4-48444FB91FB7}.Debug|Any CPU.ActiveCfg = Debug|Any CPU
		{99AB6A5D-0193-435A-A6D4-48444FB91FB7}.Debug|Any CPU.Build.0 = Debug|Any CPU
		{99AB6A5D-0193-435A-A6D4-48444FB91FB7}.Release|Any CPU.ActiveCfg = Release|Any CPU
		{99AB6A5D-0193-435A-A6D4-48444FB91FB7}.Release|Any CPU.Build.0 = Release|Any CPU
		{48CEA760-C6F1-48F1-85DF-B82F53BC0814}.Debug|Any CPU.ActiveCfg = Debug|Any CPU
		{48CEA760-C6F1-48F1-85DF-B82F53BC0814}.Debug|Any CPU.Build.0 = Debug|Any CPU
		{48CEA760-C6F1-48F1-85DF-B82F53BC0814}.Release|Any CPU.ActiveCfg = Release|Any CPU
		{48CEA760-C6F1-48F1-85DF-B82F53BC0814}.Release|Any CPU.Build.0 = Release|Any CPU
		{B8382A49-49DD-4E98-A4D1-28D59FE87730}.Debug|Any CPU.ActiveCfg = Debug|Any CPU
		{B8382A49-49DD-4E98-A4D1-28D59FE87730}.Debug|Any CPU.Build.0 = Debug|Any CPU
		{B8382A49-49DD-4E98-A4D1-28D59FE87730}.Release|Any CPU.ActiveCfg = Release|Any CPU
		{B8382A49-49DD-4E98-A4D1-28D59FE87730}.Release|Any CPU.Build.0 = Release|Any CPU
		{39A7C5C4-8D93-4249-AE12-75337085960B}.Debug|Any CPU.ActiveCfg = Debug|Any CPU
		{39A7C5C4-8D93-4249-AE12-75337085960B}.Debug|Any CPU.Build.0 = Debug|Any CPU
		{39A7C5C4-8D93-4249-AE12-75337085960B}.Release|Any CPU.ActiveCfg = Release|Any CPU
		{39A7C5C4-8D93-4249-AE12-75337085960B}.Release|Any CPU.Build.0 = Release|Any CPU
		{CEE891F6-01FE-4E71-9B05-DF88836D2026}.Debug|Any CPU.ActiveCfg = Debug|Any CPU
		{CEE891F6-01FE-4E71-9B05-DF88836D2026}.Debug|Any CPU.Build.0 = Debug|Any CPU
		{CEE891F6-01FE-4E71-9B05-DF88836D2026}.Release|Any CPU.ActiveCfg = Release|Any CPU
		{CEE891F6-01FE-4E71-9B05-DF88836D2026}.Release|Any CPU.Build.0 = Release|Any CPU
		{6F6D96CB-FA27-48AC-B07B-FCFC9F6C8D4B}.Debug|Any CPU.ActiveCfg = Debug|Any CPU
		{6F6D96CB-FA27-48AC-B07B-FCFC9F6C8D4B}.Debug|Any CPU.Build.0 = Debug|Any CPU
		{6F6D96CB-FA27-48AC-B07B-FCFC9F6C8D4B}.Release|Any CPU.ActiveCfg = Release|Any CPU
		{6F6D96CB-FA27-48AC-B07B-FCFC9F6C8D4B}.Release|Any CPU.Build.0 = Release|Any CPU
	EndGlobalSection
	GlobalSection(SolutionProperties) = preSolution
		HideSolutionNode = FALSE
	EndGlobalSection
	GlobalSection(ExtensibilityGlobals) = postSolution
		SolutionGuid = {A125658C-7098-4377-B28D-35CECC4B20BC}
	EndGlobalSection
EndGlobal
